
Microsoft Visual Studio Solution File, Format Version 12.00
# Visual Studio Version 17
VisualStudioVersion = 17.10.35201.131
MinimumVisualStudioVersion = 10.0.40219.1
Project("{9A19103F-16F7-4668-BE54-9A1E7A4F7556}") = "01. Read Text", "01. Read Text\01. Read Text.csproj", "{7126C117-70BA-4197-818F-07784485D279}"
EndProject
Project("{9A19103F-16F7-4668-BE54-9A1E7A4F7556}") = "02. Password", "02. Password\02. Password.csproj", "{410A2D97-1AF8-4A8E-8A39-01CB2BEAA7D2}"
EndProject
Project("{9A19103F-16F7-4668-BE54-9A1E7A4F7556}") = "03. Sum Numbers", "03. Sum Numbers\03. Sum Numbers.csproj", "{0418DD88-4EF0-4D0E-AACB-ACDBD842FEA9}"
EndProject
Project("{9A19103F-16F7-4668-BE54-9A1E7A4F7556}") = "04. Sequence 2k+1", "04. Sequence 2k+1\04. Sequence 2k+1.csproj", "{EBBDDF3F-C573-43CD-B450-B80E89286033}"
EndProject
Project("{FAE04EC0-301F-11D3-BF4B-00C04F79EFBC}") = "05. Account Balance", "05. Account Balance\05. Account Balance.csproj", "{A3B2A040-242C-407D-8E9B-FEEB60A60394}"
EndProject
Project("{FAE04EC0-301F-11D3-BF4B-00C04F79EFBC}") = "06. Max Number", "06. Max Number\06. Max Number.csproj", "{8D40AD37-59F4-4283-AF4B-8C075A01E77F}"
EndProject
Project("{FAE04EC0-301F-11D3-BF4B-00C04F79EFBC}") = "07. Min Number", "07. Min Number\07. Min Number.csproj", "{6ABDA75C-61C8-475D-A929-96156D70E554}"
EndProject
Project("{FAE04EC0-301F-11D3-BF4B-00C04F79EFBC}") = "08. Graduation", "08. Graduation\08. Graduation.csproj", "{D744B56F-C749-4AA4-BDC7-C5B97A491A6D}"
EndProject
Global
	GlobalSection(SolutionConfigurationPlatforms) = preSolution
		Debug|Any CPU = Debug|Any CPU
		Release|Any CPU = Release|Any CPU
	EndGlobalSection
	GlobalSection(ProjectConfigurationPlatforms) = postSolution
		{7126C117-70BA-4197-818F-07784485D279}.Debug|Any CPU.ActiveCfg = Debug|Any CPU
		{7126C117-70BA-4197-818F-07784485D279}.Debug|Any CPU.Build.0 = Debug|Any CPU
		{7126C117-70BA-4197-818F-07784485D279}.Release|Any CPU.ActiveCfg = Release|Any CPU
		{7126C117-70BA-4197-818F-07784485D279}.Release|Any CPU.Build.0 = Release|Any CPU
		{410A2D97-1AF8-4A8E-8A39-01CB2BEAA7D2}.Debug|Any CPU.ActiveCfg = Debug|Any CPU
		{410A2D97-1AF8-4A8E-8A39-01CB2BEAA7D2}.Debug|Any CPU.Build.0 = Debug|Any CPU
		{410A2D97-1AF8-4A8E-8A39-01CB2BEAA7D2}.Release|Any CPU.ActiveCfg = Release|Any CPU
		{410A2D97-1AF8-4A8E-8A39-01CB2BEAA7D2}.Release|Any CPU.Build.0 = Release|Any CPU
		{0418DD88-4EF0-4D0E-AACB-ACDBD842FEA9}.Debug|Any CPU.ActiveCfg = Debug|Any CPU
		{0418DD88-4EF0-4D0E-AACB-ACDBD842FEA9}.Debug|Any CPU.Build.0 = Debug|Any CPU
		{0418DD88-4EF0-4D0E-AACB-ACDBD842FEA9}.Release|Any CPU.ActiveCfg = Release|Any CPU
		{0418DD88-4EF0-4D0E-AACB-ACDBD842FEA9}.Release|Any CPU.Build.0 = Release|Any CPU
		{EBBDDF3F-C573-43CD-B450-B80E89286033}.Debug|Any CPU.ActiveCfg = Debug|Any CPU
		{EBBDDF3F-C573-43CD-B450-B80E89286033}.Debug|Any CPU.Build.0 = Debug|Any CPU
		{EBBDDF3F-C573-43CD-B450-B80E89286033}.Release|Any CPU.ActiveCfg = Release|Any CPU
		{EBBDDF3F-C573-43CD-B450-B80E89286033}.Release|Any CPU.Build.0 = Release|Any CPU
		{A3B2A040-242C-407D-8E9B-FEEB60A60394}.Debug|Any CPU.ActiveCfg = Debug|Any CPU
		{A3B2A040-242C-407D-8E9B-FEEB60A60394}.Debug|Any CPU.Build.0 = Debug|Any CPU
		{A3B2A040-242C-407D-8E9B-FEEB60A60394}.Release|Any CPU.ActiveCfg = Release|Any CPU
		{A3B2A040-242C-407D-8E9B-FEEB60A60394}.Release|Any CPU.Build.0 = Release|Any CPU
		{8D40AD37-59F4-4283-AF4B-8C075A01E77F}.Debug|Any CPU.ActiveCfg = Debug|Any CPU
		{8D40AD37-59F4-4283-AF4B-8C075A01E77F}.Debug|Any CPU.Build.0 = Debug|Any CPU
		{8D40AD37-59F4-4283-AF4B-8C075A01E77F}.Release|Any CPU.ActiveCfg = Release|Any CPU
		{8D40AD37-59F4-4283-AF4B-8C075A01E77F}.Release|Any CPU.Build.0 = Release|Any CPU
		{6ABDA75C-61C8-475D-A929-96156D70E554}.Debug|Any CPU.ActiveCfg = Debug|Any CPU
		{6ABDA75C-61C8-475D-A929-96156D70E554}.Debug|Any CPU.Build.0 = Debug|Any CPU
		{6ABDA75C-61C8-475D-A929-96156D70E554}.Release|Any CPU.ActiveCfg = Release|Any CPU
		{6ABDA75C-61C8-475D-A929-96156D70E554}.Release|Any CPU.Build.0 = Release|Any CPU
		{D744B56F-C749-4AA4-BDC7-C5B97A491A6D}.Debug|Any CPU.ActiveCfg = Debug|Any CPU
		{D744B56F-C749-4AA4-BDC7-C5B97A491A6D}.Debug|Any CPU.Build.0 = Debug|Any CPU
		{D744B56F-C749-4AA4-BDC7-C5B97A491A6D}.Release|Any CPU.ActiveCfg = Release|Any CPU
		{D744B56F-C749-4AA4-BDC7-C5B97A491A6D}.Release|Any CPU.Build.0 = Release|Any CPU
	EndGlobalSection
	GlobalSection(SolutionProperties) = preSolution
		HideSolutionNode = FALSE
	EndGlobalSection
	GlobalSection(ExtensibilityGlobals) = postSolution
		SolutionGuid = {F3A71CFD-40A7-4C94-B622-0EAF5BC77D7D}
	EndGlobalSection
EndGlobal
